{
    "name": "prime-sniper",
    "version": "1.0.0",
    "lockfileVersion": 3,
    "requires": true,
    "packages": {
        "": {
            "name": "prime-sniper",
            "version": "1.0.0",
            "license": "MIT",
            "dependencies": {
                "@algorithm.ts/sieve-prime": "^2.0.14",
                "primes-and-factors": "^1.3.3",
                "primesieve": "^0.2.1",
                "sieve-of-eratosthenes": "^0.0.3"
            },
            "engines": {
                "node": ">=12.0.0"
            }
        },
        "node_modules/@algorithm.ts/sieve-prime": {
            "version": "2.0.14",
            "resolved": "https://registry.npmjs.org/@algorithm.ts/sieve-prime/-/sieve-prime-2.0.14.tgz",
            "integrity": "sha512-4DVVgVIT7bijGA/Smn4Dl+mDhCLCdpapyWYGnAdj0VOKKcwoE1W0AKQB1/lMJev6FJxfZwvDP3AX6nhdjtoB0w==",
            "license": "MIT",
            "engines": {
                "node": ">= 14.15.0"
            }
        },
        "node_modules/primes-and-factors": {
            "version": "1.3.3",
            "resolved": "https://registry.npmjs.org/primes-and-factors/-/primes-and-factors-1.3.3.tgz",
            "integrity": "sha512-1HHWlSQ0adu5Sa8138AJnLqtnvbnyIZJnYCdjWCE54HxofJLtCE7i9WeJ1lhkaY6lKg6kvhKtYx7kAvXPCcNZg==",
            "license": "MIT"
        },
        "node_modules/primesieve": {
            "version": "0.2.1",
            "resolved": "https://registry.npmjs.org/primesieve/-/primesieve-0.2.1.tgz",
            "integrity": "sha512-otQDh/e/sPen6Of/Kxj8dWR5wqLV3bkHY2pDHII06/NS/TMRTkYQepXnX8WWnsL5ACBLv5JH7kpHUK5OTE4UTg==",
            "license": "MIT",
            "bin": {
                "primesieve": "bin/primesieve.js"
            }
        },
        "node_modules/sieve-of-eratosthenes": {
            "version": "0.0.3",
            "resolved": "https://registry.npmjs.org/sieve-of-eratosthenes/-/sieve-of-eratosthenes-0.0.3.tgz",
            "integrity": "sha512-YTM3HfmD1kHF/ylZhGZy054HSsi8ed/N0C9TWtZmRJyO2AmecCBOr/zphXqP5sRiKqgTdf7iWgkur3mRTIFUaQ==",
            "license": "MIT"
        }
    }
}
